
Microsoft Visual Studio Solution File, Format Version 12.00
# Visual Studio Version 17
VisualStudioVersion = 17.9.34622.214
MinimumVisualStudioVersion = 10.0.40219.1
Project("{00D1A9C2-B5F0-4AF3-8072-F6C62B433612}") = "ProySanitarioOLTP", "ProySanitarioOLTP\ProySanitarioOLTP.sqlproj", "{98F7DFFD-F9ED-46CE-94F7-45D1F9622AE2}"
EndProject
Project("{00D1A9C2-B5F0-4AF3-8072-F6C62B433612}") = "ProySanitarioDW", "..\ProySanitarioDW\ProySanitarioDW.sqlproj", "{FF4A0CFF-EDFC-47FC-879C-9FC55825F7BD}"
EndProject
Project("{2150E333-8FDC-42A3-9474-1A3956D46DE8}") = "ETL", "ETL", "{2295BA8F-30DF-4FD1-A57A-4E712A38F88C}"
EndProject
Global
	GlobalSection(SolutionConfigurationPlatforms) = preSolution
		Debug|Any CPU = Debug|Any CPU
		Release|Any CPU = Release|Any CPU
	EndGlobalSection
	GlobalSection(ProjectConfigurationPlatforms) = postSolution
		{98F7DFFD-F9ED-46CE-94F7-45D1F9622AE2}.Debug|Any CPU.ActiveCfg = Debug|Any CPU
		{98F7DFFD-F9ED-46CE-94F7-45D1F9622AE2}.Debug|Any CPU.Build.0 = Debug|Any CPU
		{98F7DFFD-F9ED-46CE-94F7-45D1F9622AE2}.Debug|Any CPU.Deploy.0 = Debug|Any CPU
		{98F7DFFD-F9ED-46CE-94F7-45D1F9622AE2}.Release|Any CPU.ActiveCfg = Release|Any CPU
		{98F7DFFD-F9ED-46CE-94F7-45D1F9622AE2}.Release|Any CPU.Build.0 = Release|Any CPU
		{98F7DFFD-F9ED-46CE-94F7-45D1F9622AE2}.Release|Any CPU.Deploy.0 = Release|Any CPU
		{FF4A0CFF-EDFC-47FC-879C-9FC55825F7BD}.Debug|Any CPU.ActiveCfg = Debug|Any CPU
		{FF4A0CFF-EDFC-47FC-879C-9FC55825F7BD}.Debug|Any CPU.Build.0 = Debug|Any CPU
		{FF4A0CFF-EDFC-47FC-879C-9FC55825F7BD}.Debug|Any CPU.Deploy.0 = Debug|Any CPU
		{FF4A0CFF-EDFC-47FC-879C-9FC55825F7BD}.Release|Any CPU.ActiveCfg = Release|Any CPU
		{FF4A0CFF-EDFC-47FC-879C-9FC55825F7BD}.Release|Any CPU.Build.0 = Release|Any CPU
		{FF4A0CFF-EDFC-47FC-879C-9FC55825F7BD}.Release|Any CPU.Deploy.0 = Release|Any CPU
	EndGlobalSection
	GlobalSection(SolutionProperties) = preSolution
		HideSolutionNode = FALSE
	EndGlobalSection
	GlobalSection(ExtensibilityGlobals) = postSolution
		SolutionGuid = {759F8101-633B-47E1-9A4F-1FD7E67AC185}
	EndGlobalSection
EndGlobal
